GIT
  remote: https://github.com/redBorder/audited.git
  revision: 6685cfa38679fefea4957fa96ddfdf7b6edd826b
  specs:
    audited (4.0.0)
      rails-observers (~> 0.1.2)
    audited-activerecord (4.0.0)
      activerecord (~> 4.0)
      audited (= 4.0.0)

GIT
  remote: https://github.com/redBorder/devise_ldap_authenticatable.git
  revision: af44ecfd8f5bf19313f55620eb1c682bec20befe
  specs:
    devise_ldap_authenticatable (0.8.6)
      devise (>= 3.4.1)
      net-ldap (>= 0.6, != 0.12)

GIT
  remote: https://github.com/redBorder/ruby-druid.git
  revision: e6833a7ab76d1b1044b598fb8012a6dddbaec54a
  branch: rb-0.1.9
  specs:
    ruby-druid (0.1.9)
      rest-client
      zk

GIT
  remote: https://github.com/redBorder/wash_out.git
  revision: 3eb495a7d8a5ac71700b1c579bfc0cedd0b2805d
  specs:
    wash_out (0.9.1)
      nori (>= 2.0.0)

GEM
  remote: https://rubygems.org/
  specs:
    actionmailer (4.0.12)
      actionpack (= 4.0.12)
      mail (~> 2.5, >= 2.5.4)
    actionpack (4.0.12)
      activesupport (= 4.0.12)
      builder (~> 3.1.0)
      erubis (~> 2.7.0)
      rack (~> 1.5.2)
      rack-test (~> 0.6.2)
    activemodel (4.0.12)
      activesupport (= 4.0.12)
      builder (~> 3.1.0)
    activerecord (4.0.12)
      activemodel (= 4.0.12)
      activerecord-deprecated_finders (~> 1.0.2)
      activesupport (= 4.0.12)
      arel (~> 4.0.0)
    activerecord-deprecated_finders (1.0.4)
    activesupport (4.0.12)
      i18n (~> 0.6, >= 0.6.9)
      minitest (~> 4.2)
      multi_json (~> 1.3)
      thread_safe (~> 0.1)
      tzinfo (~> 0.3.37)
    addressable (2.5.0)
      public_suffix (~> 2.0, >= 2.0.2)
    arel (4.0.2)
    awesome_nested_set (3.0.3)
      activerecord (>= 4.0.0, < 5)
    aws-s3 (0.6.3)
      builder
      mime-types
      xml-simple
    aws-sdk (1.61.0)
      aws-sdk-v1 (= 1.61.0)
    aws-sdk-v1 (1.61.0)
      json (~> 1.4)
      nokogiri (>= 1.4.4)
    bcrypt (3.1.11)
    better_errors (0.8.0)
      coderay (>= 1.0.0)
      erubis (>= 2.6.6)
    binding_of_caller (0.7.2)
      debug_inspector (>= 0.0.1)
    builder (3.1.4)
    capybara (2.6.2)
      addressable
      mime-types (>= 1.16)
      nokogiri (>= 1.3.3)
      rack (>= 1.0.0)
      rack-test (>= 0.5.4)
      xpath (~> 2.0)
    chef (12.0.3)
      chef-zero (~> 3.2)
      diff-lcs (~> 1.2, >= 1.2.4)
      erubis (~> 2.7)
      ffi-yajl (~> 1.2)
      highline (~> 1.6, >= 1.6.9)
      mixlib-authentication (~> 1.3)
      mixlib-cli (~> 1.4)
      mixlib-config (~> 2.0)
      mixlib-log (~> 1.3)
      mixlib-shellout (>= 2.0.0.rc.0, < 3.0)
      net-ssh (~> 2.6)
      net-ssh-multi (~> 1.1)
      ohai (~> 8.0)
      plist (~> 3.1.0)
      pry (~> 0.9)
    chef-zero (3.2.1)
      ffi-yajl (~> 1.1)
      hashie (~> 2.0)
      mixlib-log (~> 1.3)
      rack
      uuidtools (~> 2.1)
    climate_control (0.1.0)
      activesupport (>= 3.0)
    cliver (0.3.2)
    cocaine (0.5.8)
      climate_control (>= 0.0.3, < 1.0)
    coderay (1.1.1)
    coffee-rails (4.0.1)
      coffee-script (>= 2.2.0)
      railties (>= 4.0.0, < 5.0)
    coffee-script (2.4.1)
      coffee-script-source
      execjs
    coffee-script-source (1.12.2)
    countries (0.9.3)
      currencies (~> 0.4.2)
    currencies (0.4.2)
    daemons (1.1.9)
    dalli (2.7.6)
    debug_inspector (0.0.2)
    delayed_job (4.0.6)
      activesupport (>= 3.0, < 5.0)
    delayed_job_active_record (4.0.3)
      activerecord (>= 3.0, < 5.0)
      delayed_job (>= 3.0, < 4.1)
    devise (3.5.10)
      bcrypt (~> 3.0)
      orm_adapter (~> 0.1)
      railties (>= 3.2.6, < 5)
      responders
      thread_safe (~> 0.1)
      warden (~> 1.2.3)
    diff-lcs (1.3)
    dimensions (1.3.0)
    ditto_code (0.3.5)
      indentation (= 0.1.1)
      rainbow (= 2.0.0)
    docile (1.1.5)
    domain_name (0.5.20161129)
      unf (>= 0.0.5, < 1.0.0)
    druid_config (0.5.0)
      httparty (>= 0.13.0)
      iso8601 (~> 0.8.7)
      rest-client (>= 1.8.0)
      zk (>= 1.9.5)
    erubis (2.7.0)
    eventmachine (1.2.1)
    execjs (2.7.0)
    faraday (0.10.1)
      multipart-post (>= 1.2, < 3)
    ffi (1.9.17)
    ffi-yajl (1.4.0)
      ffi (~> 1.5)
      libyajl2 (~> 1.2)
    gcm (0.0.9)
      httparty
      json
    geoip (1.3.5)
    getopt (1.4.3)
    hashie (2.1.2)
    highline (1.7.8)
    hike (1.2.3)
    http-cookie (1.0.3)
      domain_name (~> 0.5)
    httparty (0.14.0)
      multi_xml (>= 0.5.2)
    i18n (0.7.0)
    indentation (0.1.1)
    inflection (1.0.0)
    ipaddress (0.8.3)
    iso8601 (0.8.7)
    jbuilder (1.0.2)
      activesupport (>= 3.0.0)
    jquery-rails (3.1.4)
      railties (>= 3.0, < 5.0)
      thor (>= 0.14, < 2.0)
    jquery-turbolinks (0.2.1)
      rails (>= 3.1.0)
    jquery-ui-rails (5.0.5)
      railties (>= 3.2.16)
    jscolor-rails (1.4.2.1)
    json (1.8.6)
    jwt (1.5.6)
    kgio (2.11.0)
    libv8 (3.11.8.17)
    libyajl2 (1.2.0)
    lograge (0.4.1)
      actionpack (>= 4, < 5.1)
      activesupport (>= 4, < 5.1)
      railties (>= 4, < 5.1)
    mail (2.6.4)
      mime-types (>= 1.16, < 4)
    mail_view (2.0.4)
      tilt
    metaclass (0.0.4)
    method_source (0.8.2)
    mime-types (1.25.1)
    mimemagic (0.3.0)
    mini_portile2 (2.1.0)
    minitest (4.7.5)
    mixlib-authentication (1.4.1)
      mixlib-log
    mixlib-cli (1.7.0)
    mixlib-config (2.2.4)
    mixlib-log (1.7.1)
    mixlib-shellout (2.2.7)
    mocha (1.2.1)
      metaclass (~> 0.0.1)
    multi_json (1.12.1)
    multi_xml (0.6.0)
    multipart-post (2.0.0)
    net-dhcp (1.3.3)
    net-dns (0.8.0)
    net-ldap (0.15.0)
    net-scp (1.1.2)
      net-ssh (>= 2.6.5)
    net-ssh (2.6.8)
    net-ssh-gateway (1.2.0)
      net-ssh (>= 2.6.5)
    net-ssh-multi (1.2.1)
      net-ssh (>= 2.6.5)
      net-ssh-gateway (>= 1.2.0)
    netaddr (1.5.1)
    netrc (0.11.0)
    newrelic_rpm (3.17.2.327)
    nokogiri (1.7.0.1)
      mini_portile2 (~> 2.1.0)
    nori (2.6.0)
    oauth2 (1.3.0)
      faraday (>= 0.8, < 0.10)
      jwt (~> 1.0)
      multi_json (~> 1.3)
      multi_xml (~> 0.5)
      rack (>= 1.2, < 3)
    ohai (8.0.1)
      ffi (~> 1.9)
      ffi-yajl (~> 1.1)
      ipaddress
      mime-types (~> 1.16)
      mixlib-cli
      mixlib-config (~> 2.0)
      mixlib-log
      mixlib-shellout (~> 2.0)
      net-dhcp
      rake (~> 10.1)
      systemu (~> 2.6.4)
      wmi-lite (~> 1.0)
    orm_adapter (0.5.0)
    paperclip (4.3.7)
      activemodel (>= 3.2.0)
      activesupport (>= 3.2.0)
      cocaine (~> 0.5.5)
      mime-types
      mimemagic (= 0.3.0)
    pg (0.17.1)
    plist (3.1.0)
    poltergeist (1.12.0)
      capybara (~> 2.1)
      cliver (~> 0.3.1)
      websocket-driver (>= 0.2.0)
    posix-spawn (0.3.13)
    power_assert (0.4.1)
    pry (0.10.4)
      coderay (~> 1.1.0)
      method_source (~> 0.8.1)
      slop (~> 3.4)
    pry-nav (0.2.4)
      pry (>= 0.9.10, < 0.11.0)
    pry-rails (0.3.4)
      pry (>= 0.9.10)
    public_suffix (2.0.5)
    quiet_assets (1.1.0)
      railties (>= 3.1, < 5.0)
    rack (1.5.5)
    rack-test (0.6.3)
      rack (>= 1.0)
    rails (4.0.12)
      actionmailer (= 4.0.12)
      actionpack (= 4.0.12)
      activerecord (= 4.0.12)
      activesupport (= 4.0.12)
      bundler (>= 1.3.0, < 2.0)
      railties (= 4.0.12)
      sprockets-rails (~> 2.0)
    rails-observers (0.1.2)
      activemodel (~> 4.0)
    rails_db_info (0.1.9)
      rails (>= 3.1.0)
    railties (4.0.12)
      actionpack (= 4.0.12)
      activesupport (= 4.0.12)
      rake (>= 0.8.7)
      thor (>= 0.18.1, < 2.0)
    rainbow (2.0.0)
    raindrops (0.17.0)
    rake (10.5.0)
    ref (2.0.0)
    responders (1.1.2)
      railties (>= 3.2, < 4.2)
    rest-client (2.0.0)
      http-cookie (>= 1.0.2, < 2.0)
      mime-types (>= 1.16, < 4.0)
      netrc (~> 0.8)
    rmagick (2.13.4)
    sass (3.2.19)
    sass-rails (4.0.5)
      railties (>= 4.0.0, < 5.0)
      sass (~> 3.2.2)
      sprockets (~> 2.8, < 3.0)
      sprockets-rails (~> 2.0)
    scrub_rb (1.0.1)
    shoulda (3.5.0)
      shoulda-context (~> 1.0, >= 1.0.1)
      shoulda-matchers (>= 1.4.1, < 3.0)
    shoulda-context (1.2.2)
    shoulda-matchers (2.8.0)
      activesupport (>= 3.0.0)
    simple_form (3.1.1)
      actionpack (~> 4.0)
      activemodel (~> 4.0)
    simplecov (0.12.0)
      docile (~> 1.1.0)
      json (>= 1.8, < 3)
      simplecov-html (~> 0.10.0)
    simplecov-html (0.10.0)
    slop (3.6.0)
    snmp (1.2.0)
    snmp4em (1.1.3)
      eventmachine (>= 1.0.0)
      snmp (>= 1.0.2)
    sprockets (2.12.4)
      hike (~> 1.2)
      multi_json (~> 1.0)
      rack (~> 1.0)
      tilt (~> 1.1, != 1.3.0)
    sprockets-rails (2.3.3)
      actionpack (>= 3.0)
      activesupport (>= 3.0)
      sprockets (>= 2.8, < 4.0)
    sqlite3 (1.3.13)
    systemu (2.6.5)
    test-unit (3.2.3)
      power_assert
    therubyracer (0.11.4)
      libv8 (~> 3.11.8.12)
      ref
    thor (0.19.4)
    thread_safe (0.3.5)
    tilt (1.4.1)
    timecop (0.7.4)
    turbolinks (1.3.1)
      coffee-rails
    tzinfo (0.3.52)
    uglifier (2.2.1)
      execjs (>= 0.3.0)
      multi_json (~> 1.0, >= 1.0.2)
    unf (0.1.4)
      unf_ext
    unf_ext (0.0.7.2)
    unicorn (5.0.1)
      kgio (~> 2.6)
      rack
      raindrops (~> 0.7)
    upsert (2.1.2)
    uuidtools (2.1.5)
    warden (1.2.6)
      rack (>= 1.0)
    websocket-driver (0.6.4)
      websocket-extensions (>= 0.1.0)
    websocket-extensions (0.1.2)
    whois (3.4.5)
    wicked_pdf (0.11.0)
      rails
    will_paginate (3.0.12)
    wmi-lite (1.0.0)
    xml-simple (1.1.5)
    xpath (2.0.0)
      nokogiri (~> 1.3)
    zendesk_api (1.12.1)
      faraday (~> 0.9)
      hashie (>= 1.2, < 4.0, != 3.3.0)
      inflection
      mime-types
      multipart-post (~> 2.0)
      scrub_rb (~> 1.0.1)
    zeroclipboard-rails (0.1.2)
      railties (>= 3.1)
    zk (1.9.6)
      zookeeper (~> 1.4.0)
    zookeeper (1.4.11)

PLATFORMS
  ruby

DEPENDENCIES
  audited-activerecord!
  awesome_nested_set (~> 3.0.2)
  aws-s3 (~> 0.6.3)
  aws-sdk (~> 1.61.0)
  better_errors (~> 0.8.0)
  binding_of_caller (~> 0.7.1)
  capybara (~> 2.6.2)
  chef (~> 12.0.3)
  coffee-rails (~> 4.0.1)
  countries (~> 0.9.3)
  daemons (~> 1.1.9)
  dalli (~> 2.7.0)
  delayed_job_active_record (~> 4.0.0)
  devise (~> 3.5.10)
  devise_ldap_authenticatable!
  dimensions (~> 1.3.0)
  ditto_code (~> 0.3.5)
  druid_config (~> 0.5.0)
  gcm (~> 0.0.7)
  geoip (~> 1.3.5)
  getopt (~> 1.4.1)
  jbuilder (~> 1.0.1)
  jquery-rails (~> 3.1.2)
  jquery-turbolinks (~> 0.2.1)
  jquery-ui-rails (~> 5.0.3)
  jscolor-rails (~> 1.4.2.1)
  lograge
  mail_view (~> 2.0.4)
  mocha
  net-dns (~> 0.8.0)
  net-scp (~> 1.1.2)
  net-ssh (~> 2.6.7)
  netaddr (~> 1.5.0)
  newrelic_rpm
  oauth2 (~> 1.0)
  ohai (~> 8.0.1)
  paperclip (~> 4.3.7)
  pg (~> 0.17.1)
  poltergeist
  posix-spawn (~> 0.3.11)
  pry-nav
  pry-rails
  quiet_assets
  rails (= 4.0.12)
  rails_db_info (~> 0.1.7)
  railties (= 4.0.12)
  rmagick (~> 2.13.4)
  ruby-druid!
  sass-rails (~> 4.0.5)
  shoulda
  simple_form (~> 3.1.0)
  simplecov
  snmp (~> 1.2.0)
  snmp4em
  sqlite3
  test-unit
  therubyracer (~> 0.11.4)
  timecop (~> 0.7.1)
  turbolinks (~> 1.3.1)
  uglifier (~> 2.2.1)
  unicorn (~> 5.0.1)
  upsert (~> 2.1.2)
  wash_out!
  whois (~> 3.4.1)
  wicked_pdf (~> 0.11.0)
  will_paginate (~> 3.0.4)
  zendesk_api (~> 1.12.1)
  zeroclipboard-rails (~> 0.1.1)

BUNDLED WITH
   1.12.5
