GEM
  remote: https://rubygems.org/
  specs:
    arp_scan (0.1.0)
    backports (3.6.8)
    cmdparse (3.0.3)
    coercible (1.0.0)
      descendants_tracker (~> 0.0.1)
    descendants_tracker (0.0.4)
      thread_safe (~> 0.3, >= 0.3.1)
    getopt (1.4.3)
    json (1.8.6)
    knife-acl (1.0.3)
    mrdialog (1.0.3)
    net-ip (0.0.8)
    netaddr (1.5.1)
    prettyprint (0.0.1)
      thor
    rack (1.5.5)
    rake (10.5.0)
    symmetric-encryption (3.8.3)
      coercible (~> 1.0)
    system-getifaddrs (0.2.1)
    thor (0.19.4)
    thread_safe (0.3.5)
    zk (1.9.6)
      zookeeper (~> 1.4.0)
    zookeeper (1.4.11)

PLATFORMS
  ruby

DEPENDENCIES
  arp_scan (~> 0.1.0)
  backports (~> 3.6.8)
  cmdparse (~> 3.0.2)
  getopt (~> 1.4.3)
  json (~> 1.8.3)
  knife-acl (~> 1.0.3)
  mrdialog (~> 1.0.3)
  net-ip (~> 0.0.8)
  netaddr (~> 1.5.1)
  prettyprint (~> 0.0.1)
  rack (~> 1.5.5)
  rake (~> 10.5.0)
  symmetric-encryption (~> 3.8.3)
  system-getifaddrs (~> 0.2.1)
  zk (~> 1.9.6)

BUNDLED WITH
   1.14.2
